
Microsoft Visual Studio Solution File, Format Version 12.00
# Visual Studio Version 17
VisualStudioVersion = 17.8.34330.188
MinimumVisualStudioVersion = 10.0.40219.1
Project("{9A19103F-16F7-4668-BE54-9A1E7A4F7556}") = "14. Delegate", "14. Delegate.csproj", "{8E6DC2F6-B83D-4100-AB77-7638B0153A52}"
EndProject
Global
	GlobalSection(SolutionConfigurationPlatforms) = preSolution
		Debug|Any CPU = Debug|Any CPU
		Release|Any CPU = Release|Any CPU
	EndGlobalSection
	GlobalSection(ProjectConfigurationPlatforms) = postSolution
		{8E6DC2F6-B83D-4100-AB77-7638B0153A52}.Debug|Any CPU.ActiveCfg = Debug|Any CPU
		{8E6DC2F6-B83D-4100-AB77-7638B0153A52}.Debug|Any CPU.Build.0 = Debug|Any CPU
		{8E6DC2F6-B83D-4100-AB77-7638B0153A52}.Release|Any CPU.ActiveCfg = Release|Any CPU
		{8E6DC2F6-B83D-4100-AB77-7638B0153A52}.Release|Any CPU.Build.0 = Release|Any CPU
	EndGlobalSection
	GlobalSection(SolutionProperties) = preSolution
		HideSolutionNode = FALSE
	EndGlobalSection
	GlobalSection(ExtensibilityGlobals) = postSolution
		SolutionGuid = {ABE200DA-A7EC-49E6-90AC-2A81B523C0ED}
	EndGlobalSection
EndGlobal
